
Microsoft Visual Studio Solution File, Format Version 12.00
# Visual Studio Version 16
VisualStudioVersion = 16.0.30709.132
MinimumVisualStudioVersion = 10.0.40219.1
Project("{FAE04EC0-301F-11D3-BF4B-00C04F79EFBC}") = "exo1", "exo1\exo1.csproj", "{E71D279C-CDB3-4DB6-A8E4-26E217149C6F}"
EndProject
Global
	GlobalSection(SolutionConfigurationPlatforms) = preSolution
		Debug|Any CPU = Debug|Any CPU
		Release|Any CPU = Release|Any CPU
	EndGlobalSection
	GlobalSection(ProjectConfigurationPlatforms) = postSolution
		{E71D279C-CDB3-4DB6-A8E4-26E217149C6F}.Debug|Any CPU.ActiveCfg = Debug|Any CPU
		{E71D279C-CDB3-4DB6-A8E4-26E217149C6F}.Debug|Any CPU.Build.0 = Debug|Any CPU
		{E71D279C-CDB3-4DB6-A8E4-26E217149C6F}.Release|Any CPU.ActiveCfg = Release|Any CPU
		{E71D279C-CDB3-4DB6-A8E4-26E217149C6F}.Release|Any CPU.Build.0 = Release|Any CPU
	EndGlobalSection
	GlobalSection(SolutionProperties) = preSolution
		HideSolutionNode = FALSE
	EndGlobalSection
	GlobalSection(ExtensibilityGlobals) = postSolution
		SolutionGuid = {9799A67B-C164-491C-9CAC-3A711D119183}
	EndGlobalSection
EndGlobal
